
Microsoft Visual Studio Solution File, Format Version 12.00
# Visual Studio Version 16
VisualStudioVersion = 16.0.30128.74
MinimumVisualStudioVersion = 10.0.40219.1
Project("{FAE04EC0-301F-11D3-BF4B-00C04F79EFBC}") = "the-task-21", "the-task-21\the-task-21.csproj", "{B8693588-2826-4FB4-80EC-BEC28C7EC950}"
EndProject
Global
	GlobalSection(SolutionConfigurationPlatforms) = preSolution
		Debug|Any CPU = Debug|Any CPU
		Release|Any CPU = Release|Any CPU
	EndGlobalSection
	GlobalSection(ProjectConfigurationPlatforms) = postSolution
		{B8693588-2826-4FB4-80EC-BEC28C7EC950}.Debug|Any CPU.ActiveCfg = Debug|Any CPU
		{B8693588-2826-4FB4-80EC-BEC28C7EC950}.Debug|Any CPU.Build.0 = Debug|Any CPU
		{B8693588-2826-4FB4-80EC-BEC28C7EC950}.Release|Any CPU.ActiveCfg = Release|Any CPU
		{B8693588-2826-4FB4-80EC-BEC28C7EC950}.Release|Any CPU.Build.0 = Release|Any CPU
	EndGlobalSection
	GlobalSection(SolutionProperties) = preSolution
		HideSolutionNode = FALSE
	EndGlobalSection
	GlobalSection(ExtensibilityGlobals) = postSolution
		SolutionGuid = {36A44BD7-D8A8-4659-86A5-9D260536593A}
	EndGlobalSection
EndGlobal
